<?xml version="1.0" encoding="utf-8"?>
<Project ToolsVersion="4.0" xmlns="http://schemas.microsoft.com/developer/msbuild/2003">
  <ItemGroup>
    <Filter Include="Source Files">
      <UniqueIdentifier>{4FC737F1-C7A5-4376-A066-2A32D752A2FF}</UniqueIdentifier>
      <Extensions>cpp;c;cc;cxx;c++;cppm;ixx;def;odl;idl;hpj;bat;asm;asmx</Extensions>
    </Filter>
    <Filter Include="Header Files">
      <UniqueIdentifier>{93995380-89BD-4b04-88EB-625FBE52EBFB}</UniqueIdentifier>
      <Extensions>h;hh;hpp;hxx;h++;hm;inl;inc;ipp;xsd</Extensions>
    </Filter>
    <Filter Include="Resource Files">
      <UniqueIdentifier>{67DA6AB6-F800-4c08-8B7A-83BB121AAD01}</UniqueIdentifier>
      <Extensions>rc;ico;cur;bmp;dlg;rc2;rct;bin;rgs;gif;jpg;jpeg;jpe;resx;tiff;tif;png;wav;mfcribbon-ms</Extensions>
    </Filter>
    <Filter Include="Source Files\Generative">
      <UniqueIdentifier>{f00233dc-a4f1-4165-a725-17947fe2718c}</UniqueIdentifier>
    </Filter>
    <Filter Include="Source Files\Structural">
      <UniqueIdentifier>{85cc5c1b-a009-415e-8272-f4eee62ca32c}</UniqueIdentifier>
    </Filter>
    <Filter Include="Source Files\Behavioral">
      <UniqueIdentifier>{ed431a4f-72c6-41aa-8a60-498f4a43e45f}</UniqueIdentifier>
    </Filter>
    <Filter Include="Source Files\GameDev">
      <UniqueIdentifier>{d18e296b-f294-4925-987d-79f2251caba6}</UniqueIdentifier>
    </Filter>
    <Filter Include="Source Files\GameDev\ByteCode">
      <UniqueIdentifier>{e456defe-5550-49f9-9381-a397800d1956}</UniqueIdentifier>
    </Filter>
    <Filter Include="Source Files\GameDev\TypeObject">
      <UniqueIdentifier>{5891eba9-8f4c-4179-b55e-3f9987663be3}</UniqueIdentifier>
    </Filter>
    <Filter Include="Source Files\GameDev\ServiceLocator">
      <UniqueIdentifier>{58633fc6-c29a-43fe-af9a-af90664815ec}</UniqueIdentifier>
    </Filter>
  </ItemGroup>
  <ItemGroup>
    <ClCompile Include="FactoryMethod.cpp">
      <Filter>Source Files\Generative</Filter>
    </ClCompile>
    <ClCompile Include="DesignPatterns.cpp">
      <Filter>Source Files</Filter>
    </ClCompile>
    <ClCompile Include="AbstractFactory.cpp">
      <Filter>Source Files\Generative</Filter>
    </ClCompile>
    <ClCompile Include="Builder.cpp">
      <Filter>Source Files\Generative</Filter>
    </ClCompile>
    <ClCompile Include="Prototype.cpp">
      <Filter>Source Files\Generative</Filter>
    </ClCompile>
    <ClCompile Include="Singleton.cpp">
      <Filter>Source Files\Generative</Filter>
    </ClCompile>
    <ClCompile Include="Adapter.cpp">
      <Filter>Source Files\Structural</Filter>
    </ClCompile>
    <ClCompile Include="Decorator.cpp">
      <Filter>Source Files\Structural</Filter>
    </ClCompile>
    <ClCompile Include="Facade.cpp">
      <Filter>Source Files\Structural</Filter>
    </ClCompile>
    <ClCompile Include="Proxy.cpp">
      <Filter>Source Files\Structural</Filter>
    </ClCompile>
    <ClCompile Include="Flyweight.cpp">
      <Filter>Source Files\Structural</Filter>
    </ClCompile>
    <ClCompile Include="Bridge.cpp">
      <Filter>Source Files\Structural</Filter>
    </ClCompile>
    <ClCompile Include="Composite.cpp">
      <Filter>Source Files\Structural</Filter>
    </ClCompile>
    <ClCompile Include="ChainOfResponsibility.cpp">
      <Filter>Source Files\Behavioral</Filter>
    </ClCompile>
    <ClCompile Include="Command.cpp">
      <Filter>Source Files\Behavioral</Filter>
    </ClCompile>
    <ClCompile Include="Iterator.cpp">
      <Filter>Source Files\Behavioral</Filter>
    </ClCompile>
    <ClCompile Include="Mediator.cpp">
      <Filter>Source Files\Behavioral</Filter>
    </ClCompile>
    <ClCompile Include="Memento.cpp">
      <Filter>Source Files\Behavioral</Filter>
    </ClCompile>
    <ClCompile Include="Observer.cpp">
      <Filter>Source Files\Behavioral</Filter>
    </ClCompile>
    <ClCompile Include="State.cpp">
      <Filter>Source Files\Behavioral</Filter>
    </ClCompile>
    <ClCompile Include="Strategy.cpp">
      <Filter>Source Files\Behavioral</Filter>
    </ClCompile>
    <ClCompile Include="TemplateMethod.cpp">
      <Filter>Source Files\Behavioral</Filter>
    </ClCompile>
    <ClCompile Include="Visitor.cpp">
      <Filter>Source Files\Behavioral</Filter>
    </ClCompile>
    <ClCompile Include="Interpreter.cpp">
      <Filter>Source Files\GameDev\ByteCode</Filter>
    </ClCompile>
    <ClCompile Include="ByteCode.cpp">
      <Filter>Source Files\GameDev\ByteCode</Filter>
    </ClCompile>
    <ClCompile Include="TypeObject.cpp">
      <Filter>Source Files\GameDev\TypeObject</Filter>
    </ClCompile>
    <ClCompile Include="Component.cpp">
      <Filter>Source Files\GameDev</Filter>
    </ClCompile>
    <ClCompile Include="ServiceLocator.cpp">
      <Filter>Source Files\GameDev\ServiceLocator</Filter>
    </ClCompile>
  </ItemGroup>
</Project>